
Microsoft Visual Studio Solution File, Format Version 12.00
# Visual Studio Version 16
VisualStudioVersion = 16.0.30717.126
MinimumVisualStudioVersion = 10.0.40219.1
Project("{FAE04EC0-301F-11D3-BF4B-00C04F79EFBC}") = "ClassMetotDemo", "ClassMetotDemo\ClassMetotDemo.csproj", "{D60BA884-B3CC-498B-9803-D6B058B15A34}"
EndProject
Global
	GlobalSection(SolutionConfigurationPlatforms) = preSolution
		Debug|Any CPU = Debug|Any CPU
		Release|Any CPU = Release|Any CPU
	EndGlobalSection
	GlobalSection(ProjectConfigurationPlatforms) = postSolution
		{D60BA884-B3CC-498B-9803-D6B058B15A34}.Debug|Any CPU.ActiveCfg = Debug|Any CPU
		{D60BA884-B3CC-498B-9803-D6B058B15A34}.Debug|Any CPU.Build.0 = Debug|Any CPU
		{D60BA884-B3CC-498B-9803-D6B058B15A34}.Release|Any CPU.ActiveCfg = Release|Any CPU
		{D60BA884-B3CC-498B-9803-D6B058B15A34}.Release|Any CPU.Build.0 = Release|Any CPU
	EndGlobalSection
	GlobalSection(SolutionProperties) = preSolution
		HideSolutionNode = FALSE
	EndGlobalSection
	GlobalSection(ExtensibilityGlobals) = postSolution
		SolutionGuid = {9445F035-CFAC-40DB-A101-869EF9806D10}
	EndGlobalSection
EndGlobal
